// !$*UTF8*$!
{
	archiveVersion = 1;
	classes = {
	};
	objectVersion = 50;
	objects = {

/* Begin PBXBuildFile section */
		8067DB38226F3BDA00307022 /* Brique-01.png in Resources */ = {isa = PBXBuildFile; fileRef = 8067DB37226F3BDA00307022 /* Brique-01.png */; };
		80776195224B8A22002CBA6D /* coup.mp3 in Resources */ = {isa = PBXBuildFile; fileRef = 80776193224B8A21002CBA6D /* coup.mp3 */; };
		80776196224B8A22002CBA6D /* claque.mp3 in Resources */ = {isa = PBXBuildFile; fileRef = 80776194224B8A22002CBA6D /* claque.mp3 */; };
		80776199224BA4A3002CBA6D /* bg1.jpg in Resources */ = {isa = PBXBuildFile; fileRef = 80776198224BA4A3002CBA6D /* bg1.jpg */; };
		8077619D224BAE02002CBA6D /* bg3.jpg in Resources */ = {isa = PBXBuildFile; fileRef = 8077619C224BAE02002CBA6D /* bg3.jpg */; };
		807761BD224BC289002CBA6D /* File.swift in Sources */ = {isa = PBXBuildFile; fileRef = 807761BC224BC289002CBA6D /* File.swift */; };
		807761C2224BD307002CBA6D /* ball2.png in Resources */ = {isa = PBXBuildFile; fileRef = 807761C1224BD307002CBA6D /* ball2.png */; };
		809247AF224239E300E77DCE /* AppDelegate.swift in Sources */ = {isa = PBXBuildFile; fileRef = 809247AE224239E300E77DCE /* AppDelegate.swift */; };
		809247B1224239E300E77DCE /* ViewController.swift in Sources */ = {isa = PBXBuildFile; fileRef = 809247B0224239E300E77DCE /* ViewController.swift */; };
		809247B4224239E300E77DCE /* Main.storyboard in Resources */ = {isa = PBXBuildFile; fileRef = 809247B2224239E300E77DCE /* Main.storyboard */; };
		809247B6224239E500E77DCE /* Assets.xcassets in Resources */ = {isa = PBXBuildFile; fileRef = 809247B5224239E400E77DCE /* Assets.xcassets */; };
		809247B9224239E500E77DCE /* LaunchScreen.storyboard in Resources */ = {isa = PBXBuildFile; fileRef = 809247B7224239E500E77DCE /* LaunchScreen.storyboard */; };
		809247C122423AF900E77DCE /* balle.png in Resources */ = {isa = PBXBuildFile; fileRef = 809247C022423AF800E77DCE /* balle.png */; };
		809247C322423B0100E77DCE /* raquette.png in Resources */ = {isa = PBXBuildFile; fileRef = 809247C222423B0100E77DCE /* raquette.png */; };
/* End PBXBuildFile section */

/* Begin PBXFileReference section */
		8067DB37226F3BDA00307022 /* Brique-01.png */ = {isa = PBXFileReference; lastKnownFileType = image.png; path = "Brique-01.png"; sourceTree = "<group>"; };
		80776193224B8A21002CBA6D /* coup.mp3 */ = {isa = PBXFileReference; lastKnownFileType = audio.mp3; path = coup.mp3; sourceTree = "<group>"; };
		80776194224B8A22002CBA6D /* claque.mp3 */ = {isa = PBXFileReference; lastKnownFileType = audio.mp3; path = claque.mp3; sourceTree = "<group>"; };
		80776198224BA4A3002CBA6D /* bg1.jpg */ = {isa = PBXFileReference; lastKnownFileType = image.jpeg; path = bg1.jpg; sourceTree = "<group>"; };
		8077619C224BAE02002CBA6D /* bg3.jpg */ = {isa = PBXFileReference; lastKnownFileType = image.jpeg; path = bg3.jpg; sourceTree = "<group>"; };
		807761BC224BC289002CBA6D /* File.swift */ = {isa = PBXFileReference; lastKnownFileType = sourcecode.swift; path = File.swift; sourceTree = "<group>"; };
		807761C1224BD307002CBA6D /* ball2.png */ = {isa = PBXFileReference; lastKnownFileType = image.png; path = ball2.png; sourceTree = "<group>"; };
		809247AB224239E300E77DCE /* JeuBalle.app */ = {isa = PBXFileReference; explicitFileType = wrapper.application; includeInIndex = 0; path = JeuBalle.app; sourceTree = BUILT_PRODUCTS_DIR; };
		809247AE224239E300E77DCE /* AppDelegate.swift */ = {isa = PBXFileReference; lastKnownFileType = sourcecode.swift; path = AppDelegate.swift; sourceTree = "<group>"; };
		809247B0224239E300E77DCE /* ViewController.swift */ = {isa = PBXFileReference; lastKnownFileType = sourcecode.swift; path = ViewController.swift; sourceTree = "<group>"; };
		809247B3224239E300E77DCE /* Base */ = {isa = PBXFileReference; lastKnownFileType = file.storyboard; name = Base; path = Base.lproj/Main.storyboard; sourceTree = "<group>"; };
		809247B5224239E400E77DCE /* Assets.xcassets */ = {isa = PBXFileReference; lastKnownFileType = folder.assetcatalog; path = Assets.xcassets; sourceTree = "<group>"; };
		809247B8224239E500E77DCE /* Base */ = {isa = PBXFileReference; lastKnownFileType = file.storyboard; name = Base; path = Base.lproj/LaunchScreen.storyboard; sourceTree = "<group>"; };
		809247BA224239E500E77DCE /* Info.plist */ = {isa = PBXFileReference; lastKnownFileType = text.plist.xml; path = Info.plist; sourceTree = "<group>"; };
		809247C022423AF800E77DCE /* balle.png */ = {isa = PBXFileReference; lastKnownFileType = image.png; path = balle.png; sourceTree = "<group>"; };
		809247C222423B0100E77DCE /* raquette.png */ = {isa = PBXFileReference; lastKnownFileType = image.png; path = raquette.png; sourceTree = "<group>"; };
/* End PBXFileReference section */

/* Begin PBXFrameworksBuildPhase section */
		809247A8224239E300E77DCE /* Frameworks */ = {
			isa = PBXFrameworksBuildPhase;
			buildActionMask = 2147483647;
			files = (
			);
			runOnlyForDeploymentPostprocessing = 0;
		};
/* End PBXFrameworksBuildPhase section */

/* Begin PBXGroup section */
		809247A2224239E300E77DCE = {
			isa = PBXGroup;
			children = (
				809247AD224239E300E77DCE /* JeuBalle */,
				809247AC224239E300E77DCE /* Products */,
			);
			sourceTree = "<group>";
		};
		809247AC224239E300E77DCE /* Products */ = {
			isa = PBXGroup;
			children = (
				809247AB224239E300E77DCE /* JeuBalle.app */,
			);
			name = Products;
			sourceTree = "<group>";
		};
		809247AD224239E300E77DCE /* JeuBalle */ = {
			isa = PBXGroup;
			children = (
				809247AE224239E300E77DCE /* AppDelegate.swift */,
				809247B0224239E300E77DCE /* ViewController.swift */,
				809247B2224239E300E77DCE /* Main.storyboard */,
				807761BC224BC289002CBA6D /* File.swift */,
				809247B5224239E400E77DCE /* Assets.xcassets */,
				809247C222423B0100E77DCE /* raquette.png */,
				809247C022423AF800E77DCE /* balle.png */,
				807761C1224BD307002CBA6D /* ball2.png */,
				8067DB37226F3BDA00307022 /* Brique-01.png */,
				809247B7224239E500E77DCE /* LaunchScreen.storyboard */,
				80776198224BA4A3002CBA6D /* bg1.jpg */,
				8077619C224BAE02002CBA6D /* bg3.jpg */,
				809247BA224239E500E77DCE /* Info.plist */,
				80776194224B8A22002CBA6D /* claque.mp3 */,
				80776193224B8A21002CBA6D /* coup.mp3 */,
			);
			path = JeuBalle;
			sourceTree = "<group>";
		};
/* End PBXGroup section */

/* Begin PBXNativeTarget section */
		809247AA224239E300E77DCE /* JeuBalle */ = {
			isa = PBXNativeTarget;
			buildConfigurationList = 809247BD224239E500E77DCE /* Build configuration list for PBXNativeTarget "JeuBalle" */;
			buildPhases = (
				809247A7224239E300E77DCE /* Sources */,
				809247A8224239E300E77DCE /* Frameworks */,
				809247A9224239E300E77DCE /* Resources */,
			);
			buildRules = (
			);
			dependencies = (
			);
			name = JeuBalle;
			productName = JeuBalle;
			productReference = 809247AB224239E300E77DCE /* JeuBalle.app */;
			productType = "com.apple.product-type.application";
		};
/* End PBXNativeTarget section */

/* Begin PBXProject section */
		809247A3224239E300E77DCE /* Project object */ = {
			isa = PBXProject;
			attributes = {
				LastSwiftUpdateCheck = 0940;
				LastUpgradeCheck = 0940;
				ORGANIZATIONNAME = "Guilhem Carron";
				TargetAttributes = {
					809247AA224239E300E77DCE = {
						CreatedOnToolsVersion = 9.4.1;
					};
				};
			};
			buildConfigurationList = 809247A6224239E300E77DCE /* Build configuration list for PBXProject "JeuBalle" */;
			compatibilityVersion = "Xcode 9.3";
			developmentRegion = en;
			hasScannedForEncodings = 0;
			knownRegions = (
				en,
				Base,
			);
			mainGroup = 809247A2224239E300E77DCE;
			productRefGroup = 809247AC224239E300E77DCE /* Products */;
			projectDirPath = "";
			projectRoot = "";
			targets = (
				809247AA224239E300E77DCE /* JeuBalle */,
			);
		};
/* End PBXProject section */

/* Begin PBXResourcesBuildPhase section */
		809247A9224239E300E77DCE /* Resources */ = {
			isa = PBXResourcesBuildPhase;
			buildActionMask = 2147483647;
			files = (
				80776199224BA4A3002CBA6D /* bg1.jpg in Resources */,
				809247C122423AF900E77DCE /* balle.png in Resources */,
				809247B9224239E500E77DCE /* LaunchScreen.storyboard in Resources */,
				8077619D224BAE02002CBA6D /* bg3.jpg in Resources */,
				8067DB38226F3BDA00307022 /* Brique-01.png in Resources */,
				809247B6224239E500E77DCE /* Assets.xcassets in Resources */,
				809247B4224239E300E77DCE /* Main.storyboard in Resources */,
				80776196224B8A22002CBA6D /* claque.mp3 in Resources */,
				809247C322423B0100E77DCE /* raquette.png in Resources */,
				80776195224B8A22002CBA6D /* coup.mp3 in Resources */,
				807761C2224BD307002CBA6D /* ball2.png in Resources */,
			);
			runOnlyForDeploymentPostprocessing = 0;
		};
/* End PBXResourcesBuildPhase section */

/* Begin PBXSourcesBuildPhase section */
		809247A7224239E300E77DCE /* Sources */ = {
			isa = PBXSourcesBuildPhase;
			buildActionMask = 2147483647;
			files = (
				809247B1224239E300E77DCE /* ViewController.swift in Sources */,
				807761BD224BC289002CBA6D /* File.swift in Sources */,
				809247AF224239E300E77DCE /* AppDelegate.swift in Sources */,
			);
			runOnlyForDeploymentPostprocessing = 0;
		};
/* End PBXSourcesBuildPhase section */

/* Begin PBXVariantGroup section */
		809247B2224239E300E77DCE /* Main.storyboard */ = {
			isa = PBXVariantGroup;
			children = (
				809247B3224239E300E77DCE /* Base */,
			);
			name = Main.storyboard;
			sourceTree = "<group>";
		};
		809247B7224239E500E77DCE /* LaunchScreen.storyboard */ = {
			isa = PBXVariantGroup;
			children = (
				809247B8224239E500E77DCE /* Base */,
			);
			name = LaunchScreen.storyboard;
			sourceTree = "<group>";
		};
/* End PBXVariantGroup section */

/* Begin XCBuildConfiguration section */
		809247BB224239E500E77DCE /* Debug */ = {
			isa = XCBuildConfiguration;
			buildSettings = {
				ALWAYS_SEARCH_USER_PATHS = NO;
				CLANG_ANALYZER_NONNULL = YES;
				CLANG_ANALYZER_NUMBER_OBJECT_CONVERSION = YES_AGGRESSIVE;
				CLANG_CXX_LANGUAGE_STANDARD = "gnu++14";
				CLANG_CXX_LIBRARY = "libc++";
				CLANG_ENABLE_MODULES = YES;
				CLANG_ENABLE_OBJC_ARC = YES;
				CLANG_ENABLE_OBJC_WEAK = YES;
				CLANG_WARN_BLOCK_CAPTURE_AUTORELEASING = YES;
				CLANG_WARN_BOOL_CONVERSION = YES;
				CLANG_WARN_COMMA = YES;
				CLANG_WARN_CONSTANT_CONVERSION = YES;
				CLANG_WARN_DEPRECATED_OBJC_IMPLEMENTATIONS = YES;
				CLANG_WARN_DIRECT_OBJC_ISA_USAGE = YES_ERROR;
				CLANG_WARN_DOCUMENTATION_COMMENTS = YES;
				CLANG_WARN_EMPTY_BODY = YES;
				CLANG_WARN_ENUM_CONVERSION = YES;
				CLANG_WARN_INFINITE_RECURSION = YES;
				CLANG_WARN_INT_CONVERSION = YES;
				CLANG_WARN_NON_LITERAL_NULL_CONVERSION = YES;
				CLANG_WARN_OBJC_IMPLICIT_RETAIN_SELF = YES;
				CLANG_WARN_OBJC_LITERAL_CONVERSION = YES;
				CLANG_WARN_OBJC_ROOT_CLASS = YES_ERROR;
				CLANG_WARN_RANGE_LOOP_ANALYSIS = YES;
				CLANG_WARN_STRICT_PROTOTYPES = YES;
				CLANG_WARN_SUSPICIOUS_MOVE = YES;
				CLANG_WARN_UNGUARDED_AVAILABILITY = YES_AGGRESSIVE;
				CLANG_WARN_UNREACHABLE_CODE = YES;
				CLANG_WARN__DUPLICATE_METHOD_MATCH = YES;
				CODE_SIGN_IDENTITY = "iPhone Developer";
				COPY_PHASE_STRIP = NO;
				DEBUG_INFORMATION_FORMAT = dwarf;
				ENABLE_STRICT_OBJC_MSGSEND = YES;
				ENABLE_TESTABILITY = YES;
				GCC_C_LANGUAGE_STANDARD = gnu11;
				GCC_DYNAMIC_NO_PIC = NO;
				GCC_NO_COMMON_BLOCKS = YES;
				GCC_OPTIMIZATION_LEVEL = 0;
				GCC_PREPROCESSOR_DEFINITIONS = (
					"DEBUG=1",
					"$(inherited)",
				);
				GCC_WARN_64_TO_32_BIT_CONVERSION = YES;
				GCC_WARN_ABOUT_RETURN_TYPE = YES_ERROR;
				GCC_WARN_UNDECLARED_SELECTOR = YES;
				GCC_WARN_UNINITIALIZED_AUTOS = YES_AGGRESSIVE;
				GCC_WARN_UNUSED_FUNCTION = YES;
				GCC_WARN_UNUSED_VARIABLE = YES;
				IPHONEOS_DEPLOYMENT_TARGET = 11.4;
				MTL_ENABLE_DEBUG_INFO = YES;
				ONLY_ACTIVE_ARCH = YES;
				SDKROOT = iphoneos;
				SWIFT_ACTIVE_COMPILATION_CONDITIONS = DEBUG;
				SWIFT_OPTIMIZATION_LEVEL = "-Onone";
			};
			name = Debug;
		};
		809247BC224239E500E77DCE /* Release */ = {
			isa = XCBuildConfiguration;
			buildSettings = {
				ALWAYS_SEARCH_USER_PATHS = NO;
				CLANG_ANALYZER_NONNULL = YES;
				CLANG_ANALYZER_NUMBER_OBJECT_CONVERSION = YES_AGGRESSIVE;
				CLANG_CXX_LANGUAGE_STANDARD = "gnu++14";
				CLANG_CXX_LIBRARY = "libc++";
				CLANG_ENABLE_MODULES = YES;
				CLANG_ENABLE_OBJC_ARC = YES;
				CLANG_ENABLE_OBJC_WEAK = YES;
				CLANG_WARN_BLOCK_CAPTURE_AUTORELEASING = YES;
				CLANG_WARN_BOOL_CONVERSION = YES;
				CLANG_WARN_COMMA = YES;
				CLANG_WARN_CONSTANT_CONVERSION = YES;
				CLANG_WARN_DEPRECATED_OBJC_IMPLEMENTATIONS = YES;
				CLANG_WARN_DIRECT_OBJC_ISA_USAGE = YES_ERROR;
				CLANG_WARN_DOCUMENTATION_COMMENTS = YES;
				CLANG_WARN_EMPTY_BODY = YES;
				CLANG_WARN_ENUM_CONVERSION = YES;
				CLANG_WARN_INFINITE_RECURSION = YES;
				CLANG_WARN_INT_CONVERSION = YES;
				CLANG_WARN_NON_LITERAL_NULL_CONVERSION = YES;
				CLANG_WARN_OBJC_IMPLICIT_RETAIN_SELF = YES;
				CLANG_WARN_OBJC_LITERAL_CONVERSION = YES;
				CLANG_WARN_OBJC_ROOT_CLASS = YES_ERROR;
				CLANG_WARN_RANGE_LOOP_ANALYSIS = YES;
				CLANG_WARN_STRICT_PROTOTYPES = YES;
				CLANG_WARN_SUSPICIOUS_MOVE = YES;
				CLANG_WARN_UNGUARDED_AVAILABILITY = YES_AGGRESSIVE;
				CLANG_WARN_UNREACHABLE_CODE = YES;
				CLANG_WARN__DUPLICATE_METHOD_MATCH = YES;
				CODE_SIGN_IDENTITY = "iPhone Developer";
				COPY_PHASE_STRIP = NO;
				DEBUG_INFORMATION_FORMAT = "dwarf-with-dsym";
				ENABLE_NS_ASSERTIONS = NO;
				ENABLE_STRICT_OBJC_MSGSEND = YES;
				GCC_C_LANGUAGE_STANDARD = gnu11;
				GCC_NO_COMMON_BLOCKS = YES;
				GCC_WARN_64_TO_32_BIT_CONVERSION = YES;
				GCC_WARN_ABOUT_RETURN_TYPE = YES_ERROR;
				GCC_WARN_UNDECLARED_SELECTOR = YES;
				GCC_WARN_UNINITIALIZED_AUTOS = YES_AGGRESSIVE;
				GCC_WARN_UNUSED_FUNCTION = YES;
				GCC_WARN_UNUSED_VARIABLE = YES;
				IPHONEOS_DEPLOYMENT_TARGET = 11.4;
				MTL_ENABLE_DEBUG_INFO = NO;
				SDKROOT = iphoneos;
				SWIFT_COMPILATION_MODE = wholemodule;
				SWIFT_OPTIMIZATION_LEVEL = "-O";
				VALIDATE_PRODUCT = YES;
			};
			name = Release;
		};
		809247BE224239E500E77DCE /* Debug */ = {
			isa = XCBuildConfiguration;
			buildSettings = {
				ASSETCATALOG_COMPILER_APPICON_NAME = AppIcon;
				CODE_SIGN_STYLE = Automatic;
				DEVELOPMENT_TEAM = SRLJBFAVXK;
				INFOPLIST_FILE = JeuBalle/Info.plist;
				IPHONEOS_DEPLOYMENT_TARGET = 9.3;
				LD_RUNPATH_SEARCH_PATHS = (
					"$(inherited)",
					"@executable_path/Frameworks",
				);
				PRODUCT_BUNDLE_IDENTIFIER = "Guilhem-Carron.JeuBalle";
				PRODUCT_NAME = "$(TARGET_NAME)";
				SWIFT_VERSION = 4.0;
				TARGETED_DEVICE_FAMILY = "1,2";
			};
			name = Debug;
		};
		809247BF224239E500E77DCE /* Release */ = {
			isa = XCBuildConfiguration;
			buildSettings = {
				ASSETCATALOG_COMPILER_APPICON_NAME = AppIcon;
				CODE_SIGN_STYLE = Automatic;
				DEVELOPMENT_TEAM = SRLJBFAVXK;
				INFOPLIST_FILE = JeuBalle/Info.plist;
				IPHONEOS_DEPLOYMENT_TARGET = 9.3;
				LD_RUNPATH_SEARCH_PATHS = (
					"$(inherited)",
					"@executable_path/Frameworks",
				);
				PRODUCT_BUNDLE_IDENTIFIER = "Guilhem-Carron.JeuBalle";
				PRODUCT_NAME = "$(TARGET_NAME)";
				SWIFT_VERSION = 4.0;
				TARGETED_DEVICE_FAMILY = "1,2";
			};
			name = Release;
		};
/* End XCBuildConfiguration section */

/* Begin XCConfigurationList section */
		809247A6224239E300E77DCE /* Build configuration list for PBXProject "JeuBalle" */ = {
			isa = XCConfigurationList;
			buildConfigurations = (
				809247BB224239E500E77DCE /* Debug */,
				809247BC224239E500E77DCE /* Release */,
			);
			defaultConfigurationIsVisible = 0;
			defaultConfigurationName = Release;
		};
		809247BD224239E500E77DCE /* Build configuration list for PBXNativeTarget "JeuBalle" */ = {
			isa = XCConfigurationList;
			buildConfigurations = (
				809247BE224239E500E77DCE /* Debug */,
				809247BF224239E500E77DCE /* Release */,
			);
			defaultConfigurationIsVisible = 0;
			defaultConfigurationName = Release;
		};
/* End XCConfigurationList section */
	};
	rootObject = 809247A3224239E300E77DCE /* Project object */;
}
